
Microsoft Visual Studio Solution File, Format Version 12.00
# Visual Studio 15
VisualStudioVersion = 15.0.26730.16
MinimumVisualStudioVersion = 10.0.40219.1
Project("{8BC9CEB8-8B4A-11D0-8D11-00A0C91BC942}") = "test", "test\test.vcxproj", "{61E517B2-FC63-4A3C-B8AC-A4C3F0E9F037}"
EndProject
Project("{8BC9CEB8-8B4A-11D0-8D11-00A0C91BC942}") = "C1", "C1\C1.vcxproj", "{DCA1A95A-EEC2-441D-8690-713BAA396FF8}"
EndProject
Project("{8BC9CEB8-8B4A-11D0-8D11-00A0C91BC942}") = "C2", "C2\C2.vcxproj", "{85EB45FA-BAFB-4FFC-AB48-95BB84640214}"
EndProject
Project("{8BC9CEB8-8B4A-11D0-8D11-00A0C91BC942}") = "C3", "C3\C3.vcxproj", "{58463A7B-F04B-4517-BF6E-8AB61D3E7CE8}"
EndProject
Global
	GlobalSection(SolutionConfigurationPlatforms) = preSolution
		Debug|x64 = Debug|x64
		Debug|x86 = Debug|x86
		Release|x64 = Release|x64
		Release|x86 = Release|x86
	EndGlobalSection
	GlobalSection(ProjectConfigurationPlatforms) = postSolution
		{61E517B2-FC63-4A3C-B8AC-A4C3F0E9F037}.Debug|x64.ActiveCfg = Debug|x64
		{61E517B2-FC63-4A3C-B8AC-A4C3F0E9F037}.Debug|x64.Build.0 = Debug|x64
		{61E517B2-FC63-4A3C-B8AC-A4C3F0E9F037}.Debug|x86.ActiveCfg = Debug|Win32
		{61E517B2-FC63-4A3C-B8AC-A4C3F0E9F037}.Debug|x86.Build.0 = Debug|Win32
		{61E517B2-FC63-4A3C-B8AC-A4C3F0E9F037}.Release|x64.ActiveCfg = Release|x64
		{61E517B2-FC63-4A3C-B8AC-A4C3F0E9F037}.Release|x64.Build.0 = Release|x64
		{61E517B2-FC63-4A3C-B8AC-A4C3F0E9F037}.Release|x86.ActiveCfg = Release|Win32
		{61E517B2-FC63-4A3C-B8AC-A4C3F0E9F037}.Release|x86.Build.0 = Release|Win32
		{DCA1A95A-EEC2-441D-8690-713BAA396FF8}.Debug|x64.ActiveCfg = Debug|x64
		{DCA1A95A-EEC2-441D-8690-713BAA396FF8}.Debug|x64.Build.0 = Debug|x64
		{DCA1A95A-EEC2-441D-8690-713BAA396FF8}.Debug|x86.ActiveCfg = Debug|Win32
		{DCA1A95A-EEC2-441D-8690-713BAA396FF8}.Debug|x86.Build.0 = Debug|Win32
		{DCA1A95A-EEC2-441D-8690-713BAA396FF8}.Release|x64.ActiveCfg = Release|x64
		{DCA1A95A-EEC2-441D-8690-713BAA396FF8}.Release|x64.Build.0 = Release|x64
		{DCA1A95A-EEC2-441D-8690-713BAA396FF8}.Release|x86.ActiveCfg = Release|Win32
		{DCA1A95A-EEC2-441D-8690-713BAA396FF8}.Release|x86.Build.0 = Release|Win32
		{85EB45FA-BAFB-4FFC-AB48-95BB84640214}.Debug|x64.ActiveCfg = Debug|x64
		{85EB45FA-BAFB-4FFC-AB48-95BB84640214}.Debug|x64.Build.0 = Debug|x64
		{85EB45FA-BAFB-4FFC-AB48-95BB84640214}.Debug|x86.ActiveCfg = Debug|Win32
		{85EB45FA-BAFB-4FFC-AB48-95BB84640214}.Debug|x86.Build.0 = Debug|Win32
		{85EB45FA-BAFB-4FFC-AB48-95BB84640214}.Release|x64.ActiveCfg = Release|x64
		{85EB45FA-BAFB-4FFC-AB48-95BB84640214}.Release|x64.Build.0 = Release|x64
		{85EB45FA-BAFB-4FFC-AB48-95BB84640214}.Release|x86.ActiveCfg = Release|Win32
		{85EB45FA-BAFB-4FFC-AB48-95BB84640214}.Release|x86.Build.0 = Release|Win32
		{58463A7B-F04B-4517-BF6E-8AB61D3E7CE8}.Debug|x64.ActiveCfg = Debug|x64
		{58463A7B-F04B-4517-BF6E-8AB61D3E7CE8}.Debug|x64.Build.0 = Debug|x64
		{58463A7B-F04B-4517-BF6E-8AB61D3E7CE8}.Debug|x86.ActiveCfg = Debug|Win32
		{58463A7B-F04B-4517-BF6E-8AB61D3E7CE8}.Debug|x86.Build.0 = Debug|Win32
		{58463A7B-F04B-4517-BF6E-8AB61D3E7CE8}.Release|x64.ActiveCfg = Release|x64
		{58463A7B-F04B-4517-BF6E-8AB61D3E7CE8}.Release|x64.Build.0 = Release|x64
		{58463A7B-F04B-4517-BF6E-8AB61D3E7CE8}.Release|x86.ActiveCfg = Release|Win32
		{58463A7B-F04B-4517-BF6E-8AB61D3E7CE8}.Release|x86.Build.0 = Release|Win32
	EndGlobalSection
	GlobalSection(SolutionProperties) = preSolution
		HideSolutionNode = FALSE
	EndGlobalSection
	GlobalSection(ExtensibilityGlobals) = postSolution
		SolutionGuid = {DE3659E6-B213-48B3-B3FF-C5F4112EF25E}
	EndGlobalSection
EndGlobal
